Microsoft Visual Studio Solution File, Format Version 11.00
# Visual Studio 2010
Project("{FAE04EC0-301F-11D3-BF4B-00C04F79EFBC}") = "NePlus [Windows]", "NePlus\NePlus\NePlus [Windows].csproj", "{B5933A59-CB77-4E99-BEA0-E57841BF5195}"
EndProject
Project("{FAE04EC0-301F-11D3-BF4B-00C04F79EFBC}") = "NePlusContent", "NePlus\NePlusContent\NePlusContent.contentproj", "{39BA9AFA-BA10-4AD0-84FB-5BF0EF26E105}"
EndProject
Project("{FAE04EC0-301F-11D3-BF4B-00C04F79EFBC}") = "NePlus [Xbox 360]", "NePlus\NePlus\NePlus [Xbox 360].csproj", "{0946CFB4-7FD5-4031-A5D5-2045174BF4BB}"
EndProject
Project("{FAE04EC0-301F-11D3-BF4B-00C04F79EFBC}") = "NePlusTests", "NePlusTests\NePlusTests.csproj", "{671951E3-7114-48B2-89AA-8699C6785DC8}"
EndProject
Project("{FAE04EC0-301F-11D3-BF4B-00C04F79EFBC}") = "DebugView XNA", "..\FarseerPhysicsRepository\DebugViews\DebugViewXNA\DebugView XNA.csproj", "{FC7845FA-13FE-4FF8-822A-A577F3F59B00}"
EndProject
Project("{FAE04EC0-301F-11D3-BF4B-00C04F79EFBC}") = "Xbox 360 Copy of DebugView XNA", "..\FarseerPhysicsRepository\DebugViews\DebugViewXNA\Xbox 360 Copy of DebugView XNA.csproj", "{67805EDE-E1D6-477C-B75E-DC373B596003}"
EndProject
Project("{FAE04EC0-301F-11D3-BF4B-00C04F79EFBC}") = "BloomPostprocessContent", "NePlus\BloomPostProcessContent\BloomPostprocessContent.contentproj", "{D82A1C97-4FF3-440C-A58F-A1CB9135D0AC}"
EndProject
Project("{FAE04EC0-301F-11D3-BF4B-00C04F79EFBC}") = "DebugView XNA Content", "..\FarseerPhysicsRepository\DebugViews\DebugViewXNA\Content\DebugView XNA Content.contentproj", "{AC26EDE1-2A42-4A57-BEEE-9603FCAC9317}"
EndProject
Project("{FAE04EC0-301F-11D3-BF4B-00C04F79EFBC}") = "NePlusEngine [Windows]", "NePlusEngine\NePlusEngine [Windows].csproj", "{6BA64029-E6AB-47BA-ABA8-B28B0BA569DB}"
EndProject
Project("{FAE04EC0-301F-11D3-BF4B-00C04F79EFBC}") = "NePlusEngine [Xbox 360]", "NePlusEngine\NePlusEngine [Xbox 360].csproj", "{5A6A0045-DDCA-41A3-95EC-C9B328FDB9B7}"
EndProject
Global
	GlobalSection(SolutionConfigurationPlatforms) = preSolution
		Debug|Any CPU = Debug|Any CPU
		Debug|Mixed Platforms = Debug|Mixed Platforms
		Debug|x86 = Debug|x86
		Debug|Xbox 360 = Debug|Xbox 360
		Reference|Any CPU = Reference|Any CPU
		Reference|Mixed Platforms = Reference|Mixed Platforms
		Reference|x86 = Reference|x86
		Reference|Xbox 360 = Reference|Xbox 360
		Release|Any CPU = Release|Any CPU
		Release|Mixed Platforms = Release|Mixed Platforms
		Release|x86 = Release|x86
		Release|Xbox 360 = Release|Xbox 360
	EndGlobalSection
	GlobalSection(ProjectConfigurationPlatforms) = postSolution
		{B5933A59-CB77-4E99-BEA0-E57841BF5195}.Debug|Any CPU.ActiveCfg = Debug|x86
		{B5933A59-CB77-4E99-BEA0-E57841BF5195}.Debug|Mixed Platforms.ActiveCfg = Debug|x86
		{B5933A59-CB77-4E99-BEA0-E57841BF5195}.Debug|Mixed Platforms.Build.0 = Debug|x86
		{B5933A59-CB77-4E99-BEA0-E57841BF5195}.Debug|x86.ActiveCfg = Debug|x86
		{B5933A59-CB77-4E99-BEA0-E57841BF5195}.Debug|x86.Build.0 = Debug|x86
		{B5933A59-CB77-4E99-BEA0-E57841BF5195}.Debug|Xbox 360.ActiveCfg = Debug|x86
		{B5933A59-CB77-4E99-BEA0-E57841BF5195}.Debug|Xbox 360.Build.0 = Debug|x86
		{B5933A59-CB77-4E99-BEA0-E57841BF5195}.Reference|Any CPU.ActiveCfg = Release|x86
		{B5933A59-CB77-4E99-BEA0-E57841BF5195}.Reference|Mixed Platforms.ActiveCfg = Release|x86
		{B5933A59-CB77-4E99-BEA0-E57841BF5195}.Reference|Mixed Platforms.Build.0 = Release|x86
		{B5933A59-CB77-4E99-BEA0-E57841BF5195}.Reference|x86.ActiveCfg = Release|x86
		{B5933A59-CB77-4E99-BEA0-E57841BF5195}.Reference|x86.Build.0 = Release|x86
		{B5933A59-CB77-4E99-BEA0-E57841BF5195}.Reference|Xbox 360.ActiveCfg = Release|x86
		{B5933A59-CB77-4E99-BEA0-E57841BF5195}.Release|Any CPU.ActiveCfg = Release|x86
		{B5933A59-CB77-4E99-BEA0-E57841BF5195}.Release|Mixed Platforms.ActiveCfg = Release|x86
		{B5933A59-CB77-4E99-BEA0-E57841BF5195}.Release|Mixed Platforms.Build.0 = Release|x86
		{B5933A59-CB77-4E99-BEA0-E57841BF5195}.Release|x86.ActiveCfg = Release|x86
		{B5933A59-CB77-4E99-BEA0-E57841BF5195}.Release|x86.Build.0 = Release|x86
		{B5933A59-CB77-4E99-BEA0-E57841BF5195}.Release|Xbox 360.ActiveCfg = Release|x86
		{B5933A59-CB77-4E99-BEA0-E57841BF5195}.Release|Xbox 360.Build.0 = Release|x86
		{39BA9AFA-BA10-4AD0-84FB-5BF0EF26E105}.Debug|Any CPU.ActiveCfg = Debug|x86
		{39BA9AFA-BA10-4AD0-84FB-5BF0EF26E105}.Debug|Mixed Platforms.ActiveCfg = Debug|x86
		{39BA9AFA-BA10-4AD0-84FB-5BF0EF26E105}.Debug|x86.ActiveCfg = Debug|x86
		{39BA9AFA-BA10-4AD0-84FB-5BF0EF26E105}.Debug|Xbox 360.ActiveCfg = Debug|x86
		{39BA9AFA-BA10-4AD0-84FB-5BF0EF26E105}.Reference|Any CPU.ActiveCfg = Release|x86
		{39BA9AFA-BA10-4AD0-84FB-5BF0EF26E105}.Reference|Mixed Platforms.ActiveCfg = Release|x86
		{39BA9AFA-BA10-4AD0-84FB-5BF0EF26E105}.Reference|x86.ActiveCfg = Release|x86
		{39BA9AFA-BA10-4AD0-84FB-5BF0EF26E105}.Reference|Xbox 360.ActiveCfg = Release|x86
		{39BA9AFA-BA10-4AD0-84FB-5BF0EF26E105}.Release|Any CPU.ActiveCfg = Release|x86
		{39BA9AFA-BA10-4AD0-84FB-5BF0EF26E105}.Release|Mixed Platforms.ActiveCfg = Release|x86
		{39BA9AFA-BA10-4AD0-84FB-5BF0EF26E105}.Release|x86.ActiveCfg = Release|x86
		{39BA9AFA-BA10-4AD0-84FB-5BF0EF26E105}.Release|Xbox 360.ActiveCfg = Release|x86
		{0946CFB4-7FD5-4031-A5D5-2045174BF4BB}.Debug|Any CPU.ActiveCfg = Debug|Xbox 360
		{0946CFB4-7FD5-4031-A5D5-2045174BF4BB}.Debug|Mixed Platforms.ActiveCfg = Debug|Xbox 360
		{0946CFB4-7FD5-4031-A5D5-2045174BF4BB}.Debug|Mixed Platforms.Build.0 = Debug|Xbox 360
		{0946CFB4-7FD5-4031-A5D5-2045174BF4BB}.Debug|Mixed Platforms.Deploy.0 = Debug|Xbox 360
		{0946CFB4-7FD5-4031-A5D5-2045174BF4BB}.Debug|x86.ActiveCfg = Debug|Xbox 360
		{0946CFB4-7FD5-4031-A5D5-2045174BF4BB}.Debug|Xbox 360.ActiveCfg = Debug|Xbox 360
		{0946CFB4-7FD5-4031-A5D5-2045174BF4BB}.Debug|Xbox 360.Build.0 = Debug|Xbox 360
		{0946CFB4-7FD5-4031-A5D5-2045174BF4BB}.Debug|Xbox 360.Deploy.0 = Debug|Xbox 360
		{0946CFB4-7FD5-4031-A5D5-2045174BF4BB}.Reference|Any CPU.ActiveCfg = Release|Xbox 360
		{0946CFB4-7FD5-4031-A5D5-2045174BF4BB}.Reference|Mixed Platforms.ActiveCfg = Release|Xbox 360
		{0946CFB4-7FD5-4031-A5D5-2045174BF4BB}.Reference|Mixed Platforms.Build.0 = Release|Xbox 360
		{0946CFB4-7FD5-4031-A5D5-2045174BF4BB}.Reference|Mixed Platforms.Deploy.0 = Release|Xbox 360
		{0946CFB4-7FD5-4031-A5D5-2045174BF4BB}.Reference|x86.ActiveCfg = Release|Xbox 360
		{0946CFB4-7FD5-4031-A5D5-2045174BF4BB}.Reference|Xbox 360.ActiveCfg = Release|Xbox 360
		{0946CFB4-7FD5-4031-A5D5-2045174BF4BB}.Reference|Xbox 360.Build.0 = Release|Xbox 360
		{0946CFB4-7FD5-4031-A5D5-2045174BF4BB}.Reference|Xbox 360.Deploy.0 = Release|Xbox 360
		{0946CFB4-7FD5-4031-A5D5-2045174BF4BB}.Release|Any CPU.ActiveCfg = Release|Xbox 360
		{0946CFB4-7FD5-4031-A5D5-2045174BF4BB}.Release|Mixed Platforms.ActiveCfg = Release|Xbox 360
		{0946CFB4-7FD5-4031-A5D5-2045174BF4BB}.Release|Mixed Platforms.Build.0 = Release|Xbox 360
		{0946CFB4-7FD5-4031-A5D5-2045174BF4BB}.Release|Mixed Platforms.Deploy.0 = Release|Xbox 360
		{0946CFB4-7FD5-4031-A5D5-2045174BF4BB}.Release|x86.ActiveCfg = Release|Xbox 360
		{0946CFB4-7FD5-4031-A5D5-2045174BF4BB}.Release|Xbox 360.ActiveCfg = Release|Xbox 360
		{0946CFB4-7FD5-4031-A5D5-2045174BF4BB}.Release|Xbox 360.Build.0 = Release|Xbox 360
		{0946CFB4-7FD5-4031-A5D5-2045174BF4BB}.Release|Xbox 360.Deploy.0 = Release|Xbox 360
		{671951E3-7114-48B2-89AA-8699C6785DC8}.Debug|Any CPU.ActiveCfg = Debug|Any CPU
		{671951E3-7114-48B2-89AA-8699C6785DC8}.Debug|Any CPU.Build.0 = Debug|Any CPU
		{671951E3-7114-48B2-89AA-8699C6785DC8}.Debug|Mixed Platforms.ActiveCfg = Debug|Any CPU
		{671951E3-7114-48B2-89AA-8699C6785DC8}.Debug|Mixed Platforms.Build.0 = Debug|Any CPU
		{671951E3-7114-48B2-89AA-8699C6785DC8}.Debug|x86.ActiveCfg = Debug|Any CPU
		{671951E3-7114-48B2-89AA-8699C6785DC8}.Debug|Xbox 360.ActiveCfg = Debug|Any CPU
		{671951E3-7114-48B2-89AA-8699C6785DC8}.Reference|Any CPU.ActiveCfg = Release|Any CPU
		{671951E3-7114-48B2-89AA-8699C6785DC8}.Reference|Any CPU.Build.0 = Release|Any CPU
		{671951E3-7114-48B2-89AA-8699C6785DC8}.Reference|Mixed Platforms.ActiveCfg = Release|Any CPU
		{671951E3-7114-48B2-89AA-8699C6785DC8}.Reference|Mixed Platforms.Build.0 = Release|Any CPU
		{671951E3-7114-48B2-89AA-8699C6785DC8}.Reference|x86.ActiveCfg = Release|Any CPU
		{671951E3-7114-48B2-89AA-8699C6785DC8}.Reference|Xbox 360.ActiveCfg = Release|Any CPU
		{671951E3-7114-48B2-89AA-8699C6785DC8}.Release|Any CPU.ActiveCfg = Release|Any CPU
		{671951E3-7114-48B2-89AA-8699C6785DC8}.Release|Any CPU.Build.0 = Release|Any CPU
		{671951E3-7114-48B2-89AA-8699C6785DC8}.Release|Mixed Platforms.ActiveCfg = Release|Any CPU
		{671951E3-7114-48B2-89AA-8699C6785DC8}.Release|Mixed Platforms.Build.0 = Release|Any CPU
		{671951E3-7114-48B2-89AA-8699C6785DC8}.Release|x86.ActiveCfg = Release|Any CPU
		{671951E3-7114-48B2-89AA-8699C6785DC8}.Release|Xbox 360.ActiveCfg = Release|Any CPU
		{FC7845FA-13FE-4FF8-822A-A577F3F59B00}.Debug|Any CPU.ActiveCfg = Debug|x86
		{FC7845FA-13FE-4FF8-822A-A577F3F59B00}.Debug|Mixed Platforms.ActiveCfg = Debug|x86
		{FC7845FA-13FE-4FF8-822A-A577F3F59B00}.Debug|Mixed Platforms.Build.0 = Debug|x86
		{FC7845FA-13FE-4FF8-822A-A577F3F59B00}.Debug|x86.ActiveCfg = Debug|x86
		{FC7845FA-13FE-4FF8-822A-A577F3F59B00}.Debug|x86.Build.0 = Debug|x86
		{FC7845FA-13FE-4FF8-822A-A577F3F59B00}.Debug|Xbox 360.ActiveCfg = Debug|x86
		{FC7845FA-13FE-4FF8-822A-A577F3F59B00}.Reference|Any CPU.ActiveCfg = Release|x86
		{FC7845FA-13FE-4FF8-822A-A577F3F59B00}.Reference|Mixed Platforms.ActiveCfg = Release|x86
		{FC7845FA-13FE-4FF8-822A-A577F3F59B00}.Reference|Mixed Platforms.Build.0 = Release|x86
		{FC7845FA-13FE-4FF8-822A-A577F3F59B00}.Reference|x86.ActiveCfg = Release|x86
		{FC7845FA-13FE-4FF8-822A-A577F3F59B00}.Reference|x86.Build.0 = Release|x86
		{FC7845FA-13FE-4FF8-822A-A577F3F59B00}.Reference|Xbox 360.ActiveCfg = Release|x86
		{FC7845FA-13FE-4FF8-822A-A577F3F59B00}.Release|Any CPU.ActiveCfg = Release|x86
		{FC7845FA-13FE-4FF8-822A-A577F3F59B00}.Release|Mixed Platforms.ActiveCfg = Release|x86
		{FC7845FA-13FE-4FF8-822A-A577F3F59B00}.Release|Mixed Platforms.Build.0 = Release|x86
		{FC7845FA-13FE-4FF8-822A-A577F3F59B00}.Release|x86.ActiveCfg = Release|x86
		{FC7845FA-13FE-4FF8-822A-A577F3F59B00}.Release|x86.Build.0 = Release|x86
		{FC7845FA-13FE-4FF8-822A-A577F3F59B00}.Release|Xbox 360.ActiveCfg = Release|x86
		{67805EDE-E1D6-477C-B75E-DC373B596003}.Debug|Any CPU.ActiveCfg = Debug|Xbox 360
		{67805EDE-E1D6-477C-B75E-DC373B596003}.Debug|Mixed Platforms.ActiveCfg = Debug|Xbox 360
		{67805EDE-E1D6-477C-B75E-DC373B596003}.Debug|Mixed Platforms.Build.0 = Debug|Xbox 360
		{67805EDE-E1D6-477C-B75E-DC373B596003}.Debug|x86.ActiveCfg = Debug|Xbox 360
		{67805EDE-E1D6-477C-B75E-DC373B596003}.Debug|Xbox 360.ActiveCfg = Debug|Xbox 360
		{67805EDE-E1D6-477C-B75E-DC373B596003}.Debug|Xbox 360.Build.0 = Debug|Xbox 360
		{67805EDE-E1D6-477C-B75E-DC373B596003}.Reference|Any CPU.ActiveCfg = Release|Xbox 360
		{67805EDE-E1D6-477C-B75E-DC373B596003}.Reference|Mixed Platforms.ActiveCfg = Release|Xbox 360
		{67805EDE-E1D6-477C-B75E-DC373B596003}.Reference|Mixed Platforms.Build.0 = Release|Xbox 360
		{67805EDE-E1D6-477C-B75E-DC373B596003}.Reference|x86.ActiveCfg = Release|Xbox 360
		{67805EDE-E1D6-477C-B75E-DC373B596003}.Reference|Xbox 360.ActiveCfg = Release|Xbox 360
		{67805EDE-E1D6-477C-B75E-DC373B596003}.Reference|Xbox 360.Build.0 = Release|Xbox 360
		{67805EDE-E1D6-477C-B75E-DC373B596003}.Release|Any CPU.ActiveCfg = Release|Xbox 360
		{67805EDE-E1D6-477C-B75E-DC373B596003}.Release|Mixed Platforms.ActiveCfg = Release|Xbox 360
		{67805EDE-E1D6-477C-B75E-DC373B596003}.Release|Mixed Platforms.Build.0 = Release|Xbox 360
		{67805EDE-E1D6-477C-B75E-DC373B596003}.Release|x86.ActiveCfg = Release|Xbox 360
		{67805EDE-E1D6-477C-B75E-DC373B596003}.Release|Xbox 360.ActiveCfg = Release|Xbox 360
		{67805EDE-E1D6-477C-B75E-DC373B596003}.Release|Xbox 360.Build.0 = Release|Xbox 360
		{D82A1C97-4FF3-440C-A58F-A1CB9135D0AC}.Debug|Any CPU.ActiveCfg = Debug|Any CPU
		{D82A1C97-4FF3-440C-A58F-A1CB9135D0AC}.Debug|Mixed Platforms.ActiveCfg = Debug|Any CPU
		{D82A1C97-4FF3-440C-A58F-A1CB9135D0AC}.Debug|x86.ActiveCfg = Debug|Any CPU
		{D82A1C97-4FF3-440C-A58F-A1CB9135D0AC}.Debug|Xbox 360.ActiveCfg = Debug|Any CPU
		{D82A1C97-4FF3-440C-A58F-A1CB9135D0AC}.Reference|Any CPU.ActiveCfg = Debug|Any CPU
		{D82A1C97-4FF3-440C-A58F-A1CB9135D0AC}.Reference|Mixed Platforms.ActiveCfg = Debug|Any CPU
		{D82A1C97-4FF3-440C-A58F-A1CB9135D0AC}.Reference|x86.ActiveCfg = Debug|Any CPU
		{D82A1C97-4FF3-440C-A58F-A1CB9135D0AC}.Reference|Xbox 360.ActiveCfg = Debug|Any CPU
		{D82A1C97-4FF3-440C-A58F-A1CB9135D0AC}.Release|Any CPU.ActiveCfg = Debug|Any CPU
		{D82A1C97-4FF3-440C-A58F-A1CB9135D0AC}.Release|Mixed Platforms.ActiveCfg = Debug|Any CPU
		{D82A1C97-4FF3-440C-A58F-A1CB9135D0AC}.Release|x86.ActiveCfg = Debug|Any CPU
		{D82A1C97-4FF3-440C-A58F-A1CB9135D0AC}.Release|Xbox 360.ActiveCfg = Debug|Any CPU
		{AC26EDE1-2A42-4A57-BEEE-9603FCAC9317}.Debug|Any CPU.ActiveCfg = Debug|Any CPU
		{AC26EDE1-2A42-4A57-BEEE-9603FCAC9317}.Debug|Mixed Platforms.ActiveCfg = Debug|Any CPU
		{AC26EDE1-2A42-4A57-BEEE-9603FCAC9317}.Debug|x86.ActiveCfg = Debug|Any CPU
		{AC26EDE1-2A42-4A57-BEEE-9603FCAC9317}.Debug|Xbox 360.ActiveCfg = Debug|Any CPU
		{AC26EDE1-2A42-4A57-BEEE-9603FCAC9317}.Reference|Any CPU.ActiveCfg = Debug|Any CPU
		{AC26EDE1-2A42-4A57-BEEE-9603FCAC9317}.Reference|Mixed Platforms.ActiveCfg = Debug|Any CPU
		{AC26EDE1-2A42-4A57-BEEE-9603FCAC9317}.Reference|x86.ActiveCfg = Debug|Any CPU
		{AC26EDE1-2A42-4A57-BEEE-9603FCAC9317}.Reference|Xbox 360.ActiveCfg = Debug|Any CPU
		{AC26EDE1-2A42-4A57-BEEE-9603FCAC9317}.Release|Any CPU.ActiveCfg = Debug|Any CPU
		{AC26EDE1-2A42-4A57-BEEE-9603FCAC9317}.Release|Mixed Platforms.ActiveCfg = Debug|Any CPU
		{AC26EDE1-2A42-4A57-BEEE-9603FCAC9317}.Release|x86.ActiveCfg = Debug|Any CPU
		{AC26EDE1-2A42-4A57-BEEE-9603FCAC9317}.Release|Xbox 360.ActiveCfg = Debug|Any CPU
		{6BA64029-E6AB-47BA-ABA8-B28B0BA569DB}.Debug|Any CPU.ActiveCfg = Debug|x86
		{6BA64029-E6AB-47BA-ABA8-B28B0BA569DB}.Debug|Mixed Platforms.ActiveCfg = Debug|x86
		{6BA64029-E6AB-47BA-ABA8-B28B0BA569DB}.Debug|Mixed Platforms.Build.0 = Debug|x86
		{6BA64029-E6AB-47BA-ABA8-B28B0BA569DB}.Debug|x86.ActiveCfg = Debug|x86
		{6BA64029-E6AB-47BA-ABA8-B28B0BA569DB}.Debug|x86.Build.0 = Debug|x86
		{6BA64029-E6AB-47BA-ABA8-B28B0BA569DB}.Debug|Xbox 360.ActiveCfg = Debug|x86
		{6BA64029-E6AB-47BA-ABA8-B28B0BA569DB}.Reference|Any CPU.ActiveCfg = Release|x86
		{6BA64029-E6AB-47BA-ABA8-B28B0BA569DB}.Reference|Mixed Platforms.ActiveCfg = Release|x86
		{6BA64029-E6AB-47BA-ABA8-B28B0BA569DB}.Reference|Mixed Platforms.Build.0 = Release|x86
		{6BA64029-E6AB-47BA-ABA8-B28B0BA569DB}.Reference|x86.ActiveCfg = Release|x86
		{6BA64029-E6AB-47BA-ABA8-B28B0BA569DB}.Reference|x86.Build.0 = Release|x86
		{6BA64029-E6AB-47BA-ABA8-B28B0BA569DB}.Reference|Xbox 360.ActiveCfg = Release|x86
		{6BA64029-E6AB-47BA-ABA8-B28B0BA569DB}.Release|Any CPU.ActiveCfg = Release|x86
		{6BA64029-E6AB-47BA-ABA8-B28B0BA569DB}.Release|Mixed Platforms.ActiveCfg = Release|x86
		{6BA64029-E6AB-47BA-ABA8-B28B0BA569DB}.Release|Mixed Platforms.Build.0 = Release|x86
		{6BA64029-E6AB-47BA-ABA8-B28B0BA569DB}.Release|x86.ActiveCfg = Release|x86
		{6BA64029-E6AB-47BA-ABA8-B28B0BA569DB}.Release|x86.Build.0 = Release|x86
		{6BA64029-E6AB-47BA-ABA8-B28B0BA569DB}.Release|Xbox 360.ActiveCfg = Release|x86
		{5A6A0045-DDCA-41A3-95EC-C9B328FDB9B7}.Debug|Any CPU.ActiveCfg = Debug|Xbox 360
		{5A6A0045-DDCA-41A3-95EC-C9B328FDB9B7}.Debug|Mixed Platforms.ActiveCfg = Debug|Xbox 360
		{5A6A0045-DDCA-41A3-95EC-C9B328FDB9B7}.Debug|Mixed Platforms.Build.0 = Debug|Xbox 360
		{5A6A0045-DDCA-41A3-95EC-C9B328FDB9B7}.Debug|x86.ActiveCfg = Debug|Xbox 360
		{5A6A0045-DDCA-41A3-95EC-C9B328FDB9B7}.Debug|Xbox 360.ActiveCfg = Debug|Xbox 360
		{5A6A0045-DDCA-41A3-95EC-C9B328FDB9B7}.Debug|Xbox 360.Build.0 = Debug|Xbox 360
		{5A6A0045-DDCA-41A3-95EC-C9B328FDB9B7}.Reference|Any CPU.ActiveCfg = Release|Xbox 360
		{5A6A0045-DDCA-41A3-95EC-C9B328FDB9B7}.Reference|Mixed Platforms.ActiveCfg = Release|Xbox 360
		{5A6A0045-DDCA-41A3-95EC-C9B328FDB9B7}.Reference|Mixed Platforms.Build.0 = Release|Xbox 360
		{5A6A0045-DDCA-41A3-95EC-C9B328FDB9B7}.Reference|x86.ActiveCfg = Release|Xbox 360
		{5A6A0045-DDCA-41A3-95EC-C9B328FDB9B7}.Reference|Xbox 360.ActiveCfg = Release|Xbox 360
		{5A6A0045-DDCA-41A3-95EC-C9B328FDB9B7}.Reference|Xbox 360.Build.0 = Release|Xbox 360
		{5A6A0045-DDCA-41A3-95EC-C9B328FDB9B7}.Release|Any CPU.ActiveCfg = Release|Xbox 360
		{5A6A0045-DDCA-41A3-95EC-C9B328FDB9B7}.Release|Mixed Platforms.ActiveCfg = Release|Xbox 360
		{5A6A0045-DDCA-41A3-95EC-C9B328FDB9B7}.Release|Mixed Platforms.Build.0 = Release|Xbox 360
		{5A6A0045-DDCA-41A3-95EC-C9B328FDB9B7}.Release|x86.ActiveCfg = Release|Xbox 360
		{5A6A0045-DDCA-41A3-95EC-C9B328FDB9B7}.Release|Xbox 360.ActiveCfg = Release|Xbox 360
		{5A6A0045-DDCA-41A3-95EC-C9B328FDB9B7}.Release|Xbox 360.Build.0 = Release|Xbox 360
	EndGlobalSection
	GlobalSection(SolutionProperties) = preSolution
		HideSolutionNode = FALSE
	EndGlobalSection
EndGlobal
